PODS:
  - Bolts (1.6.0):
    - Bolts/AppLinks (= 1.6.0)
    - Bolts/Tasks (= 1.6.0)
  - Bolts/AppLinks (1.6.0):
    - Bolts/Tasks
  - Bolts/Tasks (1.6.0)
  - Crashlytics (3.6.0):
    - Fabric (~> 1.6.3)
  - Fabric (1.6.4)
  - FBSDKCoreKit (4.10.0):
    - Bolts (~> 1.5)
  - GA-SDK-IOS (2.1.0)
  - Google/Analytics (1.3.2):
    - Google/Core
    - GoogleAnalytics (~> 3.12)
  - Google/Core (1.3.2):
    - GoogleInterchangeUtilities (~> 1.0)
    - GoogleNetworkingUtilities (~> 1.0)
    - GoogleSymbolUtilities (~> 1.0)
    - GoogleUtilities (~> 1.1)
  - GoogleAnalytics (3.14.0)
  - GoogleInterchangeUtilities (1.1.0):
    - GoogleSymbolUtilities (~> 1.0)
  - GoogleNetworkingUtilities (1.0.0):
    - GoogleSymbolUtilities (~> 1.0)
  - GoogleSymbolUtilities (1.0.3)
  - GoogleUtilities (1.1.0):
    - GoogleSymbolUtilities (~> 1.0.0)
  - Nimble (3.1.0)
  - Quick (0.9.0)
  - SnapKit (0.19.1)
  - Spring (1.0.3)

DEPENDENCIES:
  - Crashlytics (~> 3.6)
  - Fabric (~> 1.6)
  - FBSDKCoreKit
  - GA-SDK-IOS (~> 2.1)
  - Google/Analytics
  - Nimble (= 3.1.0)
  - Quick (~> 0.9.0)
  - SnapKit (~> 0.19)
  - Spring (from `https://github.com/MengTo/Spring.git`, branch `swift2`)

EXTERNAL SOURCES:
  Spring:
    :branch: swift2
    :git: https://github.com/MengTo/Spring.git

CHECKOUT OPTIONS:
  Spring:
    :commit: 18d5c7b74489de8044e34767f856d1e574f0820e
    :git: https://github.com/MengTo/Spring.git

SPEC CHECKSUMS:
  Bolts: f52a250053bb517ca874523c3913776359ab3def
  Crashlytics: e4e8d02914f2608fbc7bf42b1a7af838b0db67a2
  Fabric: ed41fd62173c6bdea24ab02c9d7707161eabb750
  FBSDKCoreKit: 13bec8373fb3af94d44daf2aa1e0958687897fbd
  GA-SDK-IOS: 58781c569da2942d4d15e39443ee64889c9cb4b3
  Google: 97618e118111b998cce1d8dd1bd98b82301d72db
  GoogleAnalytics: 9be1afdb8deeac4bb5f13ca7f7d3b9db2a1f43dc
  GoogleInterchangeUtilities: d7f7174176fbcf9710f696f1acebad4dbd98ac03
  GoogleNetworkingUtilities: 292992ab31b7b4ba32809a0e8b40e324cdfb2c0c
  GoogleSymbolUtilities: 82ad9f93d3615244b3f4ce440f5ab2515e8b4f56
  GoogleUtilities: 8ed9134debe11719097881711464752900668f10
  Nimble: 79d40f4d69d47314229bbabacaa02b8838c779b9
  Quick: 332eb1da73125a2106dd637424c803f2ae97e4a9
  SnapKit: eff58d6e3451bf2f482db2eccf86aecf371dc62d
  Spring: 3f02b5dc3308572ef177b3cad0fa7bbc4b0706f7

COCOAPODS: 0.39.0
