// !$*UTF8*$!
{
	archiveVersion = 1;
	classes = {
	};
	objectVersion = 46;
	objects = {

/* Begin PBXBuildFile section */
		077E3DC81BB70BEF00DE5F3B /* Button.swift in Sources */ = {isa = PBXBuildFile; fileRef = 077E3DC71BB70BEF00DE5F3B /* Button.swift */; settings = {ASSET_TAGS = (); }; };
		3B6DFD30D89B18D42E9AE2E2 /* Pods_ELColorGame.framework in Frameworks */ = {isa = PBXBuildFile; fileRef = EB4A44030A7568B35240E3DA /* Pods_ELColorGame.framework */; settings = {ATTRIBUTES = (Weak, ); }; };
		4E40715B1BB5D58C00509C4B /* bubble_pop_sound.m4a in Resources */ = {isa = PBXBuildFile; fileRef = 4E40715A1BB5D58C00509C4B /* bubble_pop_sound.m4a */; settings = {ASSET_TAGS = (); }; };
		4E4BB5881BB410240043C80C /* ELColorGameTests.swift in Sources */ = {isa = PBXBuildFile; fileRef = 4E4BB5871BB410240043C80C /* ELColorGameTests.swift */; };
		4E4BB5931BB410240043C80C /* ELColorGameUITests.swift in Sources */ = {isa = PBXBuildFile; fileRef = 4E4BB5921BB410240043C80C /* ELColorGameUITests.swift */; };
		4E4D9EAE1BB4B11A001104C7 /* Fonts.swift in Sources */ = {isa = PBXBuildFile; fileRef = 4E4D9EAD1BB4B11A001104C7 /* Fonts.swift */; settings = {ASSET_TAGS = (); }; };
		4E6B6E6B1BB59CCF0033EF7C /* Fabric.framework in Frameworks */ = {isa = PBXBuildFile; fileRef = 4E6B6E691BB59CCF0033EF7C /* Fabric.framework */; settings = {ASSET_TAGS = (); }; };
		4E6B6E6C1BB59CCF0033EF7C /* Crashlytics.framework in Frameworks */ = {isa = PBXBuildFile; fileRef = 4E6B6E6A1BB59CCF0033EF7C /* Crashlytics.framework */; settings = {ASSET_TAGS = (); }; };
		4EC4B7DF1BB566BC00BCA4A9 /* BebasNeueBold.otf in Resources */ = {isa = PBXBuildFile; fileRef = 4E4D9EAA1BB4B078001104C7 /* BebasNeueBold.otf */; settings = {ASSET_TAGS = (); }; };
		9A6084CF8C6846AEE0F88D8E /* MenuViewController.swift in Sources */ = {isa = PBXBuildFile; fileRef = 9A6C1BAF80412C73F3938C3E /* MenuViewController.swift */; settings = {ASSET_TAGS = (); }; };
		9A627CEB0EFC2BF211E2DB93 /* GameBoardViewController.swift in Sources */ = {isa = PBXBuildFile; fileRef = 9A610DC4B4C122AA2A501745 /* GameBoardViewController.swift */; };
		9A66EE950DDBEA218650392C /* GameOverViewController.swift in Sources */ = {isa = PBXBuildFile; fileRef = 9A641F25C769378951E44D57 /* GameOverViewController.swift */; settings = {ASSET_TAGS = (); }; };
		9A67218EFCC354E860949D2A /* LaunchScreen.storyboard in Resources */ = {isa = PBXBuildFile; fileRef = 9A6F7BF7AAFB92C5AFF48F86 /* LaunchScreen.storyboard */; };
		9A691889E2944596D7AC15AF /* StartViewController.swift in Sources */ = {isa = PBXBuildFile; fileRef = 9A645F14AE48ACC3A5DCE70E /* StartViewController.swift */; settings = {ASSET_TAGS = (); }; };
		9A6996BD7D6701CD3B528077 /* Assets.xcassets in Resources */ = {isa = PBXBuildFile; fileRef = 9A603B96F16924EAF14D8E07 /* Assets.xcassets */; };
		9A6B267815828C05B2373699 /* AppDelegate.swift in Sources */ = {isa = PBXBuildFile; fileRef = 9A66DDEC747665108D8A2ACD /* AppDelegate.swift */; };
		9A6E3EA7C2B0AB008BF3D7AD /* CircleView.swift in Sources */ = {isa = PBXBuildFile; fileRef = 9A641A8E6FFBC061A7ADF863 /* CircleView.swift */; settings = {ASSET_TAGS = (); }; };
/* End PBXBuildFile section */

/* Begin PBXContainerItemProxy section */
		4E4BB5841BB410240043C80C /* PBXContainerItemProxy */ = {
			isa = PBXContainerItemProxy;
			containerPortal = 4E4BB5671BB410240043C80C /* Project object */;
			proxyType = 1;
			remoteGlobalIDString = 4E4BB56E1BB410240043C80C;
			remoteInfo = ELColorGame;
		};
		4E4BB58F1BB410240043C80C /* PBXContainerItemProxy */ = {
			isa = PBXContainerItemProxy;
			containerPortal = 4E4BB5671BB410240043C80C /* Project object */;
			proxyType = 1;
			remoteGlobalIDString = 4E4BB56E1BB410240043C80C;
			remoteInfo = ELColorGame;
		};
/* End PBXContainerItemProxy section */

/* Begin PBXFileReference section */
		077E3DC71BB70BEF00DE5F3B /* Button.swift */ = {isa = PBXFileReference; fileEncoding = 4; lastKnownFileType = sourcecode.swift; path = Button.swift; sourceTree = "<group>"; };
		1896EF1EA492F32CF120F3C4 /* Pods-ELColorGame.release.xcconfig */ = {isa = PBXFileReference; includeInIndex = 1; lastKnownFileType = text.xcconfig; name = "Pods-ELColorGame.release.xcconfig"; path = "Pods/Target Support Files/Pods-ELColorGame/Pods-ELColorGame.release.xcconfig"; sourceTree = "<group>"; };
		4E40715A1BB5D58C00509C4B /* bubble_pop_sound.m4a */ = {isa = PBXFileReference; lastKnownFileType = file; path = bubble_pop_sound.m4a; sourceTree = "<group>"; };
		4E4BB56F1BB410240043C80C /* ELColorGame.app */ = {isa = PBXFileReference; explicitFileType = wrapper.application; includeInIndex = 0; path = ELColorGame.app; sourceTree = BUILT_PRODUCTS_DIR; };
		4E4BB5831BB410240043C80C /* ELColorGameTests.xctest */ = {isa = PBXFileReference; explicitFileType = wrapper.cfbundle; includeInIndex = 0; path = ELColorGameTests.xctest; sourceTree = BUILT_PRODUCTS_DIR; };
		4E4BB5871BB410240043C80C /* ELColorGameTests.swift */ = {isa = PBXFileReference; lastKnownFileType = sourcecode.swift; path = ELColorGameTests.swift; sourceTree = "<group>"; };
		4E4BB5891BB410240043C80C /* Info.plist */ = {isa = PBXFileReference; lastKnownFileType = text.plist.xml; path = Info.plist; sourceTree = "<group>"; };
		4E4BB58E1BB410240043C80C /* ELColorGameUITests.xctest */ = {isa = PBXFileReference; explicitFileType = wrapper.cfbundle; includeInIndex = 0; path = ELColorGameUITests.xctest; sourceTree = BUILT_PRODUCTS_DIR; };
		4E4BB5921BB410240043C80C /* ELColorGameUITests.swift */ = {isa = PBXFileReference; lastKnownFileType = sourcecode.swift; path = ELColorGameUITests.swift; sourceTree = "<group>"; };
		4E4BB5941BB410240043C80C /* Info.plist */ = {isa = PBXFileReference; lastKnownFileType = text.plist.xml; path = Info.plist; sourceTree = "<group>"; };
		4E4D9EAA1BB4B078001104C7 /* BebasNeueBold.otf */ = {isa = PBXFileReference; lastKnownFileType = file; path = BebasNeueBold.otf; sourceTree = "<group>"; };
		4E4D9EAD1BB4B11A001104C7 /* Fonts.swift */ = {isa = PBXFileReference; fileEncoding = 4; lastKnownFileType = sourcecode.swift; path = Fonts.swift; sourceTree = "<group>"; };
		4E6B6E691BB59CCF0033EF7C /* Fabric.framework */ = {isa = PBXFileReference; lastKnownFileType = wrapper.framework; path = Fabric.framework; sourceTree = "<group>"; };
		4E6B6E6A1BB59CCF0033EF7C /* Crashlytics.framework */ = {isa = PBXFileReference; lastKnownFileType = wrapper.framework; path = Crashlytics.framework; sourceTree = "<group>"; };
		9A603B96F16924EAF14D8E07 /* Assets.xcassets */ = {isa = PBXFileReference; lastKnownFileType = folder.assetcatalog; path = Assets.xcassets; sourceTree = "<group>"; };
		9A610DC4B4C122AA2A501745 /* GameBoardViewController.swift */ = {isa = PBXFileReference; fileEncoding = 4; lastKnownFileType = sourcecode.swift; path = GameBoardViewController.swift; sourceTree = "<group>"; };
		9A641A8E6FFBC061A7ADF863 /* CircleView.swift */ = {isa = PBXFileReference; fileEncoding = 4; lastKnownFileType = sourcecode.swift; path = CircleView.swift; sourceTree = "<group>"; };
		9A641F25C769378951E44D57 /* GameOverViewController.swift */ = {isa = PBXFileReference; fileEncoding = 4; lastKnownFileType = sourcecode.swift; path = GameOverViewController.swift; sourceTree = "<group>"; };
		9A645F14AE48ACC3A5DCE70E /* StartViewController.swift */ = {isa = PBXFileReference; fileEncoding = 4; lastKnownFileType = sourcecode.swift; path = StartViewController.swift; sourceTree = "<group>"; };
		9A650A8C4C3305EB21B9D1D9 /* Info.plist */ = {isa = PBXFileReference; fileEncoding = 4; lastKnownFileType = text.plist.info; path = Info.plist; sourceTree = "<group>"; };
		9A66DDEC747665108D8A2ACD /* AppDelegate.swift */ = {isa = PBXFileReference; fileEncoding = 4; lastKnownFileType = sourcecode.swift; path = AppDelegate.swift; sourceTree = "<group>"; };
		9A67096A98AF85E62A342136 /* Base */ = {isa = PBXFileReference; lastKnownFileType = file.storyboard; name = Base; path = ELColorGame/Base.lproj/LaunchScreen.storyboard; sourceTree = SOURCE_ROOT; };
		9A6C1BAF80412C73F3938C3E /* MenuViewController.swift */ = {isa = PBXFileReference; fileEncoding = 4; lastKnownFileType = sourcecode.swift; path = MenuViewController.swift; sourceTree = "<group>"; };
		EB25787C5D17C5AD4E56455B /* Pods-ELColorGame.debug.xcconfig */ = {isa = PBXFileReference; includeInIndex = 1; lastKnownFileType = text.xcconfig; name = "Pods-ELColorGame.debug.xcconfig"; path = "Pods/Target Support Files/Pods-ELColorGame/Pods-ELColorGame.debug.xcconfig"; sourceTree = "<group>"; };
		EB4A44030A7568B35240E3DA /* Pods_ELColorGame.framework */ = {isa = PBXFileReference; explicitFileType = wrapper.framework; includeInIndex = 0; path = Pods_ELColorGame.framework; sourceTree = BUILT_PRODUCTS_DIR; };
/* End PBXFileReference section */

/* Begin PBXFrameworksBuildPhase section */
		4E4BB56C1BB410240043C80C /* Frameworks */ = {
			isa = PBXFrameworksBuildPhase;
			buildActionMask = 2147483647;
			files = (
				3B6DFD30D89B18D42E9AE2E2 /* Pods_ELColorGame.framework in Frameworks */,
				4E6B6E6C1BB59CCF0033EF7C /* Crashlytics.framework in Frameworks */,
				4E6B6E6B1BB59CCF0033EF7C /* Fabric.framework in Frameworks */,
			);
			runOnlyForDeploymentPostprocessing = 0;
		};
		4E4BB5801BB410240043C80C /* Frameworks */ = {
			isa = PBXFrameworksBuildPhase;
			buildActionMask = 2147483647;
			files = (
			);
			runOnlyForDeploymentPostprocessing = 0;
		};
		4E4BB58B1BB410240043C80C /* Frameworks */ = {
			isa = PBXFrameworksBuildPhase;
			buildActionMask = 2147483647;
			files = (
			);
			runOnlyForDeploymentPostprocessing = 0;
		};
/* End PBXFrameworksBuildPhase section */

/* Begin PBXGroup section */
		17BB03F5B3A9938C48F553FF /* Pods */ = {
			isa = PBXGroup;
			children = (
				EB25787C5D17C5AD4E56455B /* Pods-ELColorGame.debug.xcconfig */,
				1896EF1EA492F32CF120F3C4 /* Pods-ELColorGame.release.xcconfig */,
			);
			name = Pods;
			sourceTree = "<group>";
		};
		4E4BB5661BB410240043C80C = {
			isa = PBXGroup;
			children = (
				9A6AAEA3D9B549575A831B3F /* ELColorGame */,
				4E4BB5861BB410240043C80C /* ELColorGameTests */,
				4E4BB5911BB410240043C80C /* ELColorGameUITests */,
				4E4BB5701BB410240043C80C /* Products */,
				17BB03F5B3A9938C48F553FF /* Pods */,
				9FBC9D9B73E2FB0AEAEBAFC9 /* Frameworks */,
			);
			sourceTree = "<group>";
		};
		4E4BB5701BB410240043C80C /* Products */ = {
			isa = PBXGroup;
			children = (
				4E4BB56F1BB410240043C80C /* ELColorGame.app */,
				4E4BB5831BB410240043C80C /* ELColorGameTests.xctest */,
				4E4BB58E1BB410240043C80C /* ELColorGameUITests.xctest */,
			);
			name = Products;
			sourceTree = "<group>";
		};
		4E4BB5861BB410240043C80C /* ELColorGameTests */ = {
			isa = PBXGroup;
			children = (
				4E4BB5871BB410240043C80C /* ELColorGameTests.swift */,
				4E4BB5891BB410240043C80C /* Info.plist */,
			);
			path = ELColorGameTests;
			sourceTree = "<group>";
		};
		4E4BB5911BB410240043C80C /* ELColorGameUITests */ = {
			isa = PBXGroup;
			children = (
				4E4BB5921BB410240043C80C /* ELColorGameUITests.swift */,
				4E4BB5941BB410240043C80C /* Info.plist */,
			);
			path = ELColorGameUITests;
			sourceTree = "<group>";
		};
		9A60A6DB15641415E767E223 /* GameOver */ = {
			isa = PBXGroup;
			children = (
				9A641F25C769378951E44D57 /* GameOverViewController.swift */,
			);
			path = GameOver;
			sourceTree = "<group>";
		};
		9A6178CD868CFEC84CFB11A4 /* Supporting Files */ = {
			isa = PBXGroup;
			children = (
				9A650A8C4C3305EB21B9D1D9 /* Info.plist */,
			);
			path = "Supporting Files";
			sourceTree = "<group>";
		};
		9A620445F29B8D4640417471 /* Resources */ = {
			isa = PBXGroup;
			children = (
				9A603B96F16924EAF14D8E07 /* Assets.xcassets */,
				9A6DDE6BEB95CEFD8F23BD71 /* Fonts */,
				9A68EEF2CA4ECB8515CEF2DE /* Sounds */,
			);
			path = Resources;
			sourceTree = "<group>";
		};
		9A626FF127B52599D55ED20B /* Fonts */ = {
			isa = PBXGroup;
			children = (
				4E4D9EAD1BB4B11A001104C7 /* Fonts.swift */,
			);
			path = Fonts;
			sourceTree = "<group>";
		};
		9A636D90DD344ABF792F7332 /* Start */ = {
			isa = PBXGroup;
			children = (
				9A645F14AE48ACC3A5DCE70E /* StartViewController.swift */,
			);
			path = Start;
			sourceTree = "<group>";
		};
		9A67B30A97BB292EC48615D9 /* Application */ = {
			isa = PBXGroup;
			children = (
				9A66DDEC747665108D8A2ACD /* AppDelegate.swift */,
			);
			path = Application;
			sourceTree = "<group>";
		};
		9A67CCD8708998134FA576D0 /* GameBoard */ = {
			isa = PBXGroup;
			children = (
				9A610DC4B4C122AA2A501745 /* GameBoardViewController.swift */,
			);
			path = GameBoard;
			sourceTree = "<group>";
		};
		9A67E335396F17EF76E29551 /* Helpers */ = {
			isa = PBXGroup;
			children = (
				9A626FF127B52599D55ED20B /* Fonts */,
			);
			path = Helpers;
			sourceTree = "<group>";
		};
		9A6805048E044E1DE06E684F /* Menu */ = {
			isa = PBXGroup;
			children = (
				9A6C1BAF80412C73F3938C3E /* MenuViewController.swift */,
			);
			path = Menu;
			sourceTree = "<group>";
		};
		9A6838F502088CA9E0C0FEA1 /* UI */ = {
			isa = PBXGroup;
			children = (
				9A6F7BF7AAFB92C5AFF48F86 /* LaunchScreen.storyboard */,
				9A695691D5EC3EBA3100FA2D /* Screens */,
				9A6AFB6F09445B62FE028C7B /* Components */,
			);
			path = UI;
			sourceTree = "<group>";
		};
		9A68EEF2CA4ECB8515CEF2DE /* Sounds */ = {
			isa = PBXGroup;
			children = (
				4E40715A1BB5D58C00509C4B /* bubble_pop_sound.m4a */,
			);
			path = Sounds;
			sourceTree = "<group>";
		};
		9A695691D5EC3EBA3100FA2D /* Screens */ = {
			isa = PBXGroup;
			children = (
				9A636D90DD344ABF792F7332 /* Start */,
				9A6805048E044E1DE06E684F /* Menu */,
				9A67CCD8708998134FA576D0 /* GameBoard */,
				9A60A6DB15641415E767E223 /* GameOver */,
			);
			path = Screens;
			sourceTree = "<group>";
		};
		9A6AAEA3D9B549575A831B3F /* ELColorGame */ = {
			isa = PBXGroup;
			children = (
				9A67B30A97BB292EC48615D9 /* Application */,
				9A6178CD868CFEC84CFB11A4 /* Supporting Files */,
				9A620445F29B8D4640417471 /* Resources */,
				9A6838F502088CA9E0C0FEA1 /* UI */,
				9A67E335396F17EF76E29551 /* Helpers */,
			);
			path = ELColorGame;
			sourceTree = "<group>";
		};
		9A6AFB6F09445B62FE028C7B /* Components */ = {
			isa = PBXGroup;
			children = (
				9A6FA770E1E3B4223443F814 /* CircleView */,
				D1C162051F749B0650FCF5F8 /* UIButton */,
			);
			path = Components;
			sourceTree = "<group>";
		};
		9A6DDE6BEB95CEFD8F23BD71 /* Fonts */ = {
			isa = PBXGroup;
			children = (
				4E4D9EAA1BB4B078001104C7 /* BebasNeueBold.otf */,
			);
			path = Fonts;
			sourceTree = "<group>";
		};
		9A6FA770E1E3B4223443F814 /* CircleView */ = {
			isa = PBXGroup;
			children = (
				9A641A8E6FFBC061A7ADF863 /* CircleView.swift */,
			);
			path = CircleView;
			sourceTree = "<group>";
		};
		9FBC9D9B73E2FB0AEAEBAFC9 /* Frameworks */ = {
			isa = PBXGroup;
			children = (
				4E6B6E691BB59CCF0033EF7C /* Fabric.framework */,
				4E6B6E6A1BB59CCF0033EF7C /* Crashlytics.framework */,
				EB4A44030A7568B35240E3DA /* Pods_ELColorGame.framework */,
			);
			name = Frameworks;
			sourceTree = "<group>";
		};
		D1C162051F749B0650FCF5F8 /* UIButton */ = {
			isa = PBXGroup;
			children = (
				077E3DC71BB70BEF00DE5F3B /* Button.swift */,
			);
			path = UIButton;
			sourceTree = "<group>";
		};
/* End PBXGroup section */

/* Begin PBXNativeTarget section */
		4E4BB56E1BB410240043C80C /* ELColorGame */ = {
			isa = PBXNativeTarget;
			buildConfigurationList = 4E4BB5971BB410240043C80C /* Build configuration list for PBXNativeTarget "ELColorGame" */;
			buildPhases = (
				0781F2EC6E4ABF7DB3669D64 /* Check Pods Manifest.lock */,
				4E4BB56B1BB410240043C80C /* Sources */,
				4E4BB56C1BB410240043C80C /* Frameworks */,
				4E4BB56D1BB410240043C80C /* Resources */,
				B743410976E404A8A0A43A3A /* Embed Pods Frameworks */,
				DE7B02E4421720D70E847F5F /* Copy Pods Resources */,
				4E6B6E681BB59CAA0033EF7C /* ShellScript */,
			);
			buildRules = (
			);
			dependencies = (
			);
			name = ELColorGame;
			productName = ELColorGame;
			productReference = 4E4BB56F1BB410240043C80C /* ELColorGame.app */;
			productType = "com.apple.product-type.application";
		};
		4E4BB5821BB410240043C80C /* ELColorGameTests */ = {
			isa = PBXNativeTarget;
			buildConfigurationList = 4E4BB59A1BB410240043C80C /* Build configuration list for PBXNativeTarget "ELColorGameTests" */;
			buildPhases = (
				4E4BB57F1BB410240043C80C /* Sources */,
				4E4BB5801BB410240043C80C /* Frameworks */,
				4E4BB5811BB410240043C80C /* Resources */,
			);
			buildRules = (
			);
			dependencies = (
				4E4BB5851BB410240043C80C /* PBXTargetDependency */,
			);
			name = ELColorGameTests;
			productName = ELColorGameTests;
			productReference = 4E4BB5831BB410240043C80C /* ELColorGameTests.xctest */;
			productType = "com.apple.product-type.bundle.unit-test";
		};
		4E4BB58D1BB410240043C80C /* ELColorGameUITests */ = {
			isa = PBXNativeTarget;
			buildConfigurationList = 4E4BB59D1BB410240043C80C /* Build configuration list for PBXNativeTarget "ELColorGameUITests" */;
			buildPhases = (
				4E4BB58A1BB410240043C80C /* Sources */,
				4E4BB58B1BB410240043C80C /* Frameworks */,
				4E4BB58C1BB410240043C80C /* Resources */,
			);
			buildRules = (
			);
			dependencies = (
				4E4BB5901BB410240043C80C /* PBXTargetDependency */,
			);
			name = ELColorGameUITests;
			productName = ELColorGameUITests;
			productReference = 4E4BB58E1BB410240043C80C /* ELColorGameUITests.xctest */;
			productType = "com.apple.product-type.bundle.ui-testing";
		};
/* End PBXNativeTarget section */

/* Begin PBXProject section */
		4E4BB5671BB410240043C80C /* Project object */ = {
			isa = PBXProject;
			attributes = {
				LastUpgradeCheck = 0700;
				ORGANIZATIONNAME = "EL Passion";
				TargetAttributes = {
					4E4BB56E1BB410240043C80C = {
						CreatedOnToolsVersion = 7.0;
					};
					4E4BB5821BB410240043C80C = {
						CreatedOnToolsVersion = 7.0;
						TestTargetID = 4E4BB56E1BB410240043C80C;
					};
					4E4BB58D1BB410240043C80C = {
						CreatedOnToolsVersion = 7.0;
						TestTargetID = 4E4BB56E1BB410240043C80C;
					};
				};
			};
			buildConfigurationList = 4E4BB56A1BB410240043C80C /* Build configuration list for PBXProject "ELColorGame" */;
			compatibilityVersion = "Xcode 3.2";
			developmentRegion = English;
			hasScannedForEncodings = 0;
			knownRegions = (
				en,
				Base,
			);
			mainGroup = 4E4BB5661BB410240043C80C;
			productRefGroup = 4E4BB5701BB410240043C80C /* Products */;
			projectDirPath = "";
			projectRoot = "";
			targets = (
				4E4BB56E1BB410240043C80C /* ELColorGame */,
				4E4BB5821BB410240043C80C /* ELColorGameTests */,
				4E4BB58D1BB410240043C80C /* ELColorGameUITests */,
			);
		};
/* End PBXProject section */

/* Begin PBXResourcesBuildPhase section */
		4E4BB56D1BB410240043C80C /* Resources */ = {
			isa = PBXResourcesBuildPhase;
			buildActionMask = 2147483647;
			files = (
				9A6996BD7D6701CD3B528077 /* Assets.xcassets in Resources */,
				4EC4B7DF1BB566BC00BCA4A9 /* BebasNeueBold.otf in Resources */,
				4E40715B1BB5D58C00509C4B /* bubble_pop_sound.m4a in Resources */,
				9A67218EFCC354E860949D2A /* LaunchScreen.storyboard in Resources */,
			);
			runOnlyForDeploymentPostprocessing = 0;
		};
		4E4BB5811BB410240043C80C /* Resources */ = {
			isa = PBXResourcesBuildPhase;
			buildActionMask = 2147483647;
			files = (
			);
			runOnlyForDeploymentPostprocessing = 0;
		};
		4E4BB58C1BB410240043C80C /* Resources */ = {
			isa = PBXResourcesBuildPhase;
			buildActionMask = 2147483647;
			files = (
			);
			runOnlyForDeploymentPostprocessing = 0;
		};
/* End PBXResourcesBuildPhase section */

/* Begin PBXShellScriptBuildPhase section */
		0781F2EC6E4ABF7DB3669D64 /* Check Pods Manifest.lock */ = {
			isa = PBXShellScriptBuildPhase;
			buildActionMask = 2147483647;
			files = (
			);
			inputPaths = (
			);
			name = "Check Pods Manifest.lock";
			outputPaths = (
			);
			runOnlyForDeploymentPostprocessing = 0;
			shellPath = /bin/sh;
			shellScript = "diff \"${PODS_ROOT}/../Podfile.lock\" \"${PODS_ROOT}/Manifest.lock\" > /dev/null\nif [[ $? != 0 ]] ; then\n    cat << EOM\nerror: The sandbox is not in sync with the Podfile.lock. Run 'pod install' or update your CocoaPods installation.\nEOM\n    exit 1\nfi\n";
			showEnvVarsInLog = 0;
		};
		4E6B6E681BB59CAA0033EF7C /* ShellScript */ = {
			isa = PBXShellScriptBuildPhase;
			buildActionMask = 2147483647;
			files = (
			);
			inputPaths = (
			);
			outputPaths = (
			);
			runOnlyForDeploymentPostprocessing = 0;
			shellPath = "./Fabric.framework/run 4fb6504551d9582cf1d2a1b3cd181e74a6b932fd a548a049d3e5ca6c1cea1bec687fa3d529d6e8189235c6b20e8b0d89f5910489";
			shellScript = "";
		};
		B743410976E404A8A0A43A3A /* Embed Pods Frameworks */ = {
			isa = PBXShellScriptBuildPhase;
			buildActionMask = 2147483647;
			files = (
			);
			inputPaths = (
			);
			name = "Embed Pods Frameworks";
			outputPaths = (
			);
			runOnlyForDeploymentPostprocessing = 0;
			shellPath = /bin/sh;
			shellScript = "\"${SRCROOT}/Pods/Target Support Files/Pods-ELColorGame/Pods-ELColorGame-frameworks.sh\"\n";
			showEnvVarsInLog = 0;
		};
		DE7B02E4421720D70E847F5F /* Copy Pods Resources */ = {
			isa = PBXShellScriptBuildPhase;
			buildActionMask = 2147483647;
			files = (
			);
			inputPaths = (
			);
			name = "Copy Pods Resources";
			outputPaths = (
			);
			runOnlyForDeploymentPostprocessing = 0;
			shellPath = /bin/sh;
			shellScript = "\"${SRCROOT}/Pods/Target Support Files/Pods-ELColorGame/Pods-ELColorGame-resources.sh\"\n";
			showEnvVarsInLog = 0;
		};
/* End PBXShellScriptBuildPhase section */

/* Begin PBXSourcesBuildPhase section */
		4E4BB56B1BB410240043C80C /* Sources */ = {
			isa = PBXSourcesBuildPhase;
			buildActionMask = 2147483647;
			files = (
				4E4D9EAE1BB4B11A001104C7 /* Fonts.swift in Sources */,
				9A6B267815828C05B2373699 /* AppDelegate.swift in Sources */,
				9A691889E2944596D7AC15AF /* StartViewController.swift in Sources */,
				077E3DC81BB70BEF00DE5F3B /* Button.swift in Sources */,
				9A6084CF8C6846AEE0F88D8E /* MenuViewController.swift in Sources */,
				9A627CEB0EFC2BF211E2DB93 /* GameBoardViewController.swift in Sources */,
				9A66EE950DDBEA218650392C /* GameOverViewController.swift in Sources */,
				9A6E3EA7C2B0AB008BF3D7AD /* CircleView.swift in Sources */,
			);
			runOnlyForDeploymentPostprocessing = 0;
		};
		4E4BB57F1BB410240043C80C /* Sources */ = {
			isa = PBXSourcesBuildPhase;
			buildActionMask = 2147483647;
			files = (
				4E4BB5881BB410240043C80C /* ELColorGameTests.swift in Sources */,
			);
			runOnlyForDeploymentPostprocessing = 0;
		};
		4E4BB58A1BB410240043C80C /* Sources */ = {
			isa = PBXSourcesBuildPhase;
			buildActionMask = 2147483647;
			files = (
				4E4BB5931BB410240043C80C /* ELColorGameUITests.swift in Sources */,
			);
			runOnlyForDeploymentPostprocessing = 0;
		};
/* End PBXSourcesBuildPhase section */

/* Begin PBXTargetDependency section */
		4E4BB5851BB410240043C80C /* PBXTargetDependency */ = {
			isa = PBXTargetDependency;
			target = 4E4BB56E1BB410240043C80C /* ELColorGame */;
			targetProxy = 4E4BB5841BB410240043C80C /* PBXContainerItemProxy */;
		};
		4E4BB5901BB410240043C80C /* PBXTargetDependency */ = {
			isa = PBXTargetDependency;
			target = 4E4BB56E1BB410240043C80C /* ELColorGame */;
			targetProxy = 4E4BB58F1BB410240043C80C /* PBXContainerItemProxy */;
		};
/* End PBXTargetDependency section */

/* Begin PBXVariantGroup section */
		9A6F7BF7AAFB92C5AFF48F86 /* LaunchScreen.storyboard */ = {
			isa = PBXVariantGroup;
			children = (
				9A67096A98AF85E62A342136 /* Base */,
			);
			name = LaunchScreen.storyboard;
			sourceTree = "<group>";
		};
/* End PBXVariantGroup section */

/* Begin XCBuildConfiguration section */
		4E4BB5951BB410240043C80C /* Debug */ = {
			isa = XCBuildConfiguration;
			buildSettings = {
				ALWAYS_SEARCH_USER_PATHS = NO;
				CLANG_CXX_LANGUAGE_STANDARD = "gnu++0x";
				CLANG_CXX_LIBRARY = "libc++";
				CLANG_ENABLE_MODULES = YES;
				CLANG_ENABLE_OBJC_ARC = YES;
				CLANG_WARN_BOOL_CONVERSION = YES;
				CLANG_WARN_CONSTANT_CONVERSION = YES;
				CLANG_WARN_DIRECT_OBJC_ISA_USAGE = YES_ERROR;
				CLANG_WARN_EMPTY_BODY = YES;
				CLANG_WARN_ENUM_CONVERSION = YES;
				CLANG_WARN_INT_CONVERSION = YES;
				CLANG_WARN_OBJC_ROOT_CLASS = YES_ERROR;
				CLANG_WARN_UNREACHABLE_CODE = YES;
				CLANG_WARN__DUPLICATE_METHOD_MATCH = YES;
				"CODE_SIGN_IDENTITY[sdk=iphoneos*]" = "iPhone Developer";
				COPY_PHASE_STRIP = NO;
				DEBUG_INFORMATION_FORMAT = dwarf;
				ENABLE_STRICT_OBJC_MSGSEND = YES;
				ENABLE_TESTABILITY = YES;
				GCC_C_LANGUAGE_STANDARD = gnu99;
				GCC_DYNAMIC_NO_PIC = NO;
				GCC_NO_COMMON_BLOCKS = YES;
				GCC_OPTIMIZATION_LEVEL = 0;
				GCC_PREPROCESSOR_DEFINITIONS = (
					"DEBUG=1",
					"$(inherited)",
				);
				GCC_WARN_64_TO_32_BIT_CONVERSION = YES;
				GCC_WARN_ABOUT_RETURN_TYPE = YES_ERROR;
				GCC_WARN_UNDECLARED_SELECTOR = YES;
				GCC_WARN_UNINITIALIZED_AUTOS = YES_AGGRESSIVE;
				GCC_WARN_UNUSED_FUNCTION = YES;
				GCC_WARN_UNUSED_VARIABLE = YES;
				IPHONEOS_DEPLOYMENT_TARGET = 9.0;
				MTL_ENABLE_DEBUG_INFO = YES;
				ONLY_ACTIVE_ARCH = YES;
				SDKROOT = iphoneos;
				SWIFT_OPTIMIZATION_LEVEL = "-Onone";
				TARGETED_DEVICE_FAMILY = "1,2";
			};
			name = Debug;
		};
		4E4BB5961BB410240043C80C /* Release */ = {
			isa = XCBuildConfiguration;
			buildSettings = {
				ALWAYS_SEARCH_USER_PATHS = NO;
				CLANG_CXX_LANGUAGE_STANDARD = "gnu++0x";
				CLANG_CXX_LIBRARY = "libc++";
				CLANG_ENABLE_MODULES = YES;
				CLANG_ENABLE_OBJC_ARC = YES;
				CLANG_WARN_BOOL_CONVERSION = YES;
				CLANG_WARN_CONSTANT_CONVERSION = YES;
				CLANG_WARN_DIRECT_OBJC_ISA_USAGE = YES_ERROR;
				CLANG_WARN_EMPTY_BODY = YES;
				CLANG_WARN_ENUM_CONVERSION = YES;
				CLANG_WARN_INT_CONVERSION = YES;
				CLANG_WARN_OBJC_ROOT_CLASS = YES_ERROR;
				CLANG_WARN_UNREACHABLE_CODE = YES;
				CLANG_WARN__DUPLICATE_METHOD_MATCH = YES;
				"CODE_SIGN_IDENTITY[sdk=iphoneos*]" = "iPhone Developer";
				COPY_PHASE_STRIP = NO;
				DEBUG_INFORMATION_FORMAT = "dwarf-with-dsym";
				ENABLE_NS_ASSERTIONS = NO;
				ENABLE_STRICT_OBJC_MSGSEND = YES;
				GCC_C_LANGUAGE_STANDARD = gnu99;
				GCC_NO_COMMON_BLOCKS = YES;
				GCC_WARN_64_TO_32_BIT_CONVERSION = YES;
				GCC_WARN_ABOUT_RETURN_TYPE = YES_ERROR;
				GCC_WARN_UNDECLARED_SELECTOR = YES;
				GCC_WARN_UNINITIALIZED_AUTOS = YES_AGGRESSIVE;
				GCC_WARN_UNUSED_FUNCTION = YES;
				GCC_WARN_UNUSED_VARIABLE = YES;
				IPHONEOS_DEPLOYMENT_TARGET = 9.0;
				MTL_ENABLE_DEBUG_INFO = NO;
				SDKROOT = iphoneos;
				TARGETED_DEVICE_FAMILY = "1,2";
				VALIDATE_PRODUCT = YES;
			};
			name = Release;
		};
		4E4BB5981BB410240043C80C /* Debug */ = {
			isa = XCBuildConfiguration;
			baseConfigurationReference = EB25787C5D17C5AD4E56455B /* Pods-ELColorGame.debug.xcconfig */;
			buildSettings = {
				ASSETCATALOG_COMPILER_APPICON_NAME = AppIcon;
				FRAMEWORK_SEARCH_PATHS = (
					"$(inherited)",
					"$(PROJECT_DIR)",
				);
				INFOPLIST_FILE = "$(SRCROOT)/ELColorGame/Supporting Files/Info.plist";
				LD_RUNPATH_SEARCH_PATHS = "$(inherited) @executable_path/Frameworks";
				PRODUCT_BUNDLE_IDENTIFIER = com.elpassion.ELColorGame;
				PRODUCT_NAME = "$(TARGET_NAME)";
				PROVISIONING_PROFILE = "2430dbd7-e26f-4e8a-a939-ab8f00d03f53";
			};
			name = Debug;
		};
		4E4BB5991BB410240043C80C /* Release */ = {
			isa = XCBuildConfiguration;
			baseConfigurationReference = 1896EF1EA492F32CF120F3C4 /* Pods-ELColorGame.release.xcconfig */;
			buildSettings = {
				ASSETCATALOG_COMPILER_APPICON_NAME = AppIcon;
				FRAMEWORK_SEARCH_PATHS = (
					"$(inherited)",
					"$(PROJECT_DIR)",
				);
				INFOPLIST_FILE = "$(SRCROOT)/ELColorGame/Supporting Files/Info.plist";
				LD_RUNPATH_SEARCH_PATHS = "$(inherited) @executable_path/Frameworks";
				PRODUCT_BUNDLE_IDENTIFIER = com.elpassion.ELColorGame;
				PRODUCT_NAME = "$(TARGET_NAME)";
				PROVISIONING_PROFILE = "7a750174-2222-4148-bc94-8e4617cea6bb";
			};
			name = Release;
		};
		4E4BB59B1BB410240043C80C /* Debug */ = {
			isa = XCBuildConfiguration;
			buildSettings = {
				BUNDLE_LOADER = "$(TEST_HOST)";
				INFOPLIST_FILE = ELColorGameTests/Info.plist;
				LD_RUNPATH_SEARCH_PATHS = "$(inherited) @executable_path/Frameworks @loader_path/Frameworks";
				PRODUCT_BUNDLE_IDENTIFIER = com.elpassion.ELColorGameTests;
				PRODUCT_NAME = "$(TARGET_NAME)";
				TEST_HOST = "$(BUILT_PRODUCTS_DIR)/ELColorGame.app/ELColorGame";
			};
			name = Debug;
		};
		4E4BB59C1BB410240043C80C /* Release */ = {
			isa = XCBuildConfiguration;
			buildSettings = {
				BUNDLE_LOADER = "$(TEST_HOST)";
				INFOPLIST_FILE = ELColorGameTests/Info.plist;
				LD_RUNPATH_SEARCH_PATHS = "$(inherited) @executable_path/Frameworks @loader_path/Frameworks";
				PRODUCT_BUNDLE_IDENTIFIER = com.elpassion.ELColorGameTests;
				PRODUCT_NAME = "$(TARGET_NAME)";
				TEST_HOST = "$(BUILT_PRODUCTS_DIR)/ELColorGame.app/ELColorGame";
			};
			name = Release;
		};
		4E4BB59E1BB410240043C80C /* Debug */ = {
			isa = XCBuildConfiguration;
			buildSettings = {
				INFOPLIST_FILE = ELColorGameUITests/Info.plist;
				LD_RUNPATH_SEARCH_PATHS = "$(inherited) @executable_path/Frameworks @loader_path/Frameworks";
				PRODUCT_BUNDLE_IDENTIFIER = com.elpassion.ELColorGameUITests;
				PRODUCT_NAME = "$(TARGET_NAME)";
				TEST_TARGET_NAME = ELColorGame;
				USES_XCTRUNNER = YES;
			};
			name = Debug;
		};
		4E4BB59F1BB410240043C80C /* Release */ = {
			isa = XCBuildConfiguration;
			buildSettings = {
				INFOPLIST_FILE = ELColorGameUITests/Info.plist;
				LD_RUNPATH_SEARCH_PATHS = "$(inherited) @executable_path/Frameworks @loader_path/Frameworks";
				PRODUCT_BUNDLE_IDENTIFIER = com.elpassion.ELColorGameUITests;
				PRODUCT_NAME = "$(TARGET_NAME)";
				TEST_TARGET_NAME = ELColorGame;
				USES_XCTRUNNER = YES;
			};
			name = Release;
		};
/* End XCBuildConfiguration section */

/* Begin XCConfigurationList section */
		4E4BB56A1BB410240043C80C /* Build configuration list for PBXProject "ELColorGame" */ = {
			isa = XCConfigurationList;
			buildConfigurations = (
				4E4BB5951BB410240043C80C /* Debug */,
				4E4BB5961BB410240043C80C /* Release */,
			);
			defaultConfigurationIsVisible = 0;
			defaultConfigurationName = Release;
		};
		4E4BB5971BB410240043C80C /* Build configuration list for PBXNativeTarget "ELColorGame" */ = {
			isa = XCConfigurationList;
			buildConfigurations = (
				4E4BB5981BB410240043C80C /* Debug */,
				4E4BB5991BB410240043C80C /* Release */,
			);
			defaultConfigurationIsVisible = 0;
			defaultConfigurationName = Release;
		};
		4E4BB59A1BB410240043C80C /* Build configuration list for PBXNativeTarget "ELColorGameTests" */ = {
			isa = XCConfigurationList;
			buildConfigurations = (
				4E4BB59B1BB410240043C80C /* Debug */,
				4E4BB59C1BB410240043C80C /* Release */,
			);
			defaultConfigurationIsVisible = 0;
			defaultConfigurationName = Release;
		};
		4E4BB59D1BB410240043C80C /* Build configuration list for PBXNativeTarget "ELColorGameUITests" */ = {
			isa = XCConfigurationList;
			buildConfigurations = (
				4E4BB59E1BB410240043C80C /* Debug */,
				4E4BB59F1BB410240043C80C /* Release */,
			);
			defaultConfigurationIsVisible = 0;
			defaultConfigurationName = Release;
		};
/* End XCConfigurationList section */
	};
	rootObject = 4E4BB5671BB410240043C80C /* Project object */;
}
